
Microsoft Visual Studio Solution File, Format Version 12.00
# Visual Studio Version 16
VisualStudioVersion = 16.0.30907.101
MinimumVisualStudioVersion = 10.0.40219.1
Project("{FAE04EC0-301F-11D3-BF4B-00C04F79EFBC}") = "Shapes", "Shapes\Shapes.csproj", "{DA275CA6-AB23-40DB-BBE3-84CA2512B8EE}"
EndProject
Project("{FAE04EC0-301F-11D3-BF4B-00C04F79EFBC}") = "Cars", "Cars\Cars.csproj", "{D1C67EE5-655E-441B-8FCF-825E0FED08E0}"
EndProject
Global
	GlobalSection(SolutionConfigurationPlatforms) = preSolution
		Debug|Any CPU = Debug|Any CPU
		Release|Any CPU = Release|Any CPU
	EndGlobalSection
	GlobalSection(ProjectConfigurationPlatforms) = postSolution
		{DA275CA6-AB23-40DB-BBE3-84CA2512B8EE}.Debug|Any CPU.ActiveCfg = Debug|Any CPU
		{DA275CA6-AB23-40DB-BBE3-84CA2512B8EE}.Debug|Any CPU.Build.0 = Debug|Any CPU
		{DA275CA6-AB23-40DB-BBE3-84CA2512B8EE}.Release|Any CPU.ActiveCfg = Release|Any CPU
		{DA275CA6-AB23-40DB-BBE3-84CA2512B8EE}.Release|Any CPU.Build.0 = Release|Any CPU
		{D1C67EE5-655E-441B-8FCF-825E0FED08E0}.Debug|Any CPU.ActiveCfg = Debug|Any CPU
		{D1C67EE5-655E-441B-8FCF-825E0FED08E0}.Debug|Any CPU.Build.0 = Debug|Any CPU
		{D1C67EE5-655E-441B-8FCF-825E0FED08E0}.Release|Any CPU.ActiveCfg = Release|Any CPU
		{D1C67EE5-655E-441B-8FCF-825E0FED08E0}.Release|Any CPU.Build.0 = Release|Any CPU
	EndGlobalSection
	GlobalSection(SolutionProperties) = preSolution
		HideSolutionNode = FALSE
	EndGlobalSection
	GlobalSection(ExtensibilityGlobals) = postSolution
		SolutionGuid = {9380C05A-D24D-4BCD-8520-DFDB0A44AEA4}
	EndGlobalSection
EndGlobal
