
Microsoft Visual Studio Solution File, Format Version 12.00
# Visual Studio Version 16
VisualStudioVersion = 16.0.30907.101
MinimumVisualStudioVersion = 10.0.40219.1
Project("{9A19103F-16F7-4668-BE54-9A1E7A4F7556}") = "01DefineAnInterfaceIPerson", "01DefineAnInterfaceIPerson\01DefineAnInterfaceIPerson.csproj", "{B9DE83A6-899C-45CF-93E8-BA1F188B5CE1}"
EndProject
Project("{9A19103F-16F7-4668-BE54-9A1E7A4F7556}") = "02MultipleImplementation", "02MultipleImplementation\02MultipleImplementation.csproj", "{24C0B045-AEB2-41C6-B386-8BEDB54B380D}"
EndProject
Project("{9A19103F-16F7-4668-BE54-9A1E7A4F7556}") = "03Telephony", "03Telephony\03Telephony.csproj", "{B1901AF9-4D29-43C4-BCA8-7423879F0C82}"
EndProject
Project("{9A19103F-16F7-4668-BE54-9A1E7A4F7556}") = "04BorderControl", "04BorderControl\04BorderControl.csproj", "{AB789E51-B334-4FB1-B5ED-B1D022BB7CAD}"
EndProject
Project("{9A19103F-16F7-4668-BE54-9A1E7A4F7556}") = "05BirthdayCelebrations", "05BirthdayCelebrations\05BirthdayCelebrations.csproj", "{84C80CF3-D4E8-43B3-9699-FDCC709C405F}"
EndProject
Project("{9A19103F-16F7-4668-BE54-9A1E7A4F7556}") = "06FoodShortage", "06FoodShortage\06FoodShortage.csproj", "{F7FD8A48-A3C6-47CB-B1C1-ED0050E8DA2F}"
EndProject
Project("{9A19103F-16F7-4668-BE54-9A1E7A4F7556}") = "08MilitaryElite", "08MilitaryElite\08MilitaryElite.csproj", "{1A9E9FC0-9C5A-42CE-946C-AF5A4555AD3F}"
EndProject
Global
	GlobalSection(SolutionConfigurationPlatforms) = preSolution
		Debug|Any CPU = Debug|Any CPU
		Release|Any CPU = Release|Any CPU
	EndGlobalSection
	GlobalSection(ProjectConfigurationPlatforms) = postSolution
		{B9DE83A6-899C-45CF-93E8-BA1F188B5CE1}.Debug|Any CPU.ActiveCfg = Debug|Any CPU
		{B9DE83A6-899C-45CF-93E8-BA1F188B5CE1}.Debug|Any CPU.Build.0 = Debug|Any CPU
		{B9DE83A6-899C-45CF-93E8-BA1F188B5CE1}.Release|Any CPU.ActiveCfg = Release|Any CPU
		{B9DE83A6-899C-45CF-93E8-BA1F188B5CE1}.Release|Any CPU.Build.0 = Release|Any CPU
		{24C0B045-AEB2-41C6-B386-8BEDB54B380D}.Debug|Any CPU.ActiveCfg = Debug|Any CPU
		{24C0B045-AEB2-41C6-B386-8BEDB54B380D}.Debug|Any CPU.Build.0 = Debug|Any CPU
		{24C0B045-AEB2-41C6-B386-8BEDB54B380D}.Release|Any CPU.ActiveCfg = Release|Any CPU
		{24C0B045-AEB2-41C6-B386-8BEDB54B380D}.Release|Any CPU.Build.0 = Release|Any CPU
		{B1901AF9-4D29-43C4-BCA8-7423879F0C82}.Debug|Any CPU.ActiveCfg = Debug|Any CPU
		{B1901AF9-4D29-43C4-BCA8-7423879F0C82}.Debug|Any CPU.Build.0 = Debug|Any CPU
		{B1901AF9-4D29-43C4-BCA8-7423879F0C82}.Release|Any CPU.ActiveCfg = Release|Any CPU
		{B1901AF9-4D29-43C4-BCA8-7423879F0C82}.Release|Any CPU.Build.0 = Release|Any CPU
		{AB789E51-B334-4FB1-B5ED-B1D022BB7CAD}.Debug|Any CPU.ActiveCfg = Debug|Any CPU
		{AB789E51-B334-4FB1-B5ED-B1D022BB7CAD}.Debug|Any CPU.Build.0 = Debug|Any CPU
		{AB789E51-B334-4FB1-B5ED-B1D022BB7CAD}.Release|Any CPU.ActiveCfg = Release|Any CPU
		{AB789E51-B334-4FB1-B5ED-B1D022BB7CAD}.Release|Any CPU.Build.0 = Release|Any CPU
		{84C80CF3-D4E8-43B3-9699-FDCC709C405F}.Debug|Any CPU.ActiveCfg = Debug|Any CPU
		{84C80CF3-D4E8-43B3-9699-FDCC709C405F}.Debug|Any CPU.Build.0 = Debug|Any CPU
		{84C80CF3-D4E8-43B3-9699-FDCC709C405F}.Release|Any CPU.ActiveCfg = Release|Any CPU
		{84C80CF3-D4E8-43B3-9699-FDCC709C405F}.Release|Any CPU.Build.0 = Release|Any CPU
		{F7FD8A48-A3C6-47CB-B1C1-ED0050E8DA2F}.Debug|Any CPU.ActiveCfg = Debug|Any CPU
		{F7FD8A48-A3C6-47CB-B1C1-ED0050E8DA2F}.Debug|Any CPU.Build.0 = Debug|Any CPU
		{F7FD8A48-A3C6-47CB-B1C1-ED0050E8DA2F}.Release|Any CPU.ActiveCfg = Release|Any CPU
		{F7FD8A48-A3C6-47CB-B1C1-ED0050E8DA2F}.Release|Any CPU.Build.0 = Release|Any CPU
		{1A9E9FC0-9C5A-42CE-946C-AF5A4555AD3F}.Debug|Any CPU.ActiveCfg = Debug|Any CPU
		{1A9E9FC0-9C5A-42CE-946C-AF5A4555AD3F}.Debug|Any CPU.Build.0 = Debug|Any CPU
		{1A9E9FC0-9C5A-42CE-946C-AF5A4555AD3F}.Release|Any CPU.ActiveCfg = Release|Any CPU
		{1A9E9FC0-9C5A-42CE-946C-AF5A4555AD3F}.Release|Any CPU.Build.0 = Release|Any CPU
	EndGlobalSection
	GlobalSection(SolutionProperties) = preSolution
		HideSolutionNode = FALSE
	EndGlobalSection
	GlobalSection(ExtensibilityGlobals) = postSolution
		SolutionGuid = {A5EADC9A-50DC-43B6-829E-287E5CAB3BDC}
	EndGlobalSection
EndGlobal
